
Microsoft Visual Studio Solution File, Format Version 12.00
# Visual Studio Version 17
VisualStudioVersion = 17.4.33205.214
MinimumVisualStudioVersion = 10.0.40219.1
Project("{8BC9CEB8-8B4A-11D0-8D11-00A0C91BC942}") = "Chip8", "Chip8.vcxproj", "{5ADD0BCD-DEAE-4F98-90DB-2C46AF1C6822}"
EndProject
Global
	GlobalSection(SolutionConfigurationPlatforms) = preSolution
		Debug Fast|x64 = Debug Fast|x64
		Debug Fast|x86 = Debug Fast|x86
		Debug|x64 = Debug|x64
		Debug|x86 = Debug|x86
		Release ASAN|x64 = Release ASAN|x64
		Release ASAN|x86 = Release ASAN|x86
		Release|x64 = Release|x64
		Release|x86 = Release|x86
	EndGlobalSection
	GlobalSection(ProjectConfigurationPlatforms) = postSolution
		{5ADD0BCD-DEAE-4F98-90DB-2C46AF1C6822}.Debug Fast|x64.ActiveCfg = Debug Fast|x64
		{5ADD0BCD-DEAE-4F98-90DB-2C46AF1C6822}.Debug Fast|x64.Build.0 = Debug Fast|x64
		{5ADD0BCD-DEAE-4F98-90DB-2C46AF1C6822}.Debug Fast|x86.ActiveCfg = Debug Fast|Win32
		{5ADD0BCD-DEAE-4F98-90DB-2C46AF1C6822}.Debug Fast|x86.Build.0 = Debug Fast|Win32
		{5ADD0BCD-DEAE-4F98-90DB-2C46AF1C6822}.Debug|x64.ActiveCfg = Debug|x64
		{5ADD0BCD-DEAE-4F98-90DB-2C46AF1C6822}.Debug|x64.Build.0 = Debug|x64
		{5ADD0BCD-DEAE-4F98-90DB-2C46AF1C6822}.Debug|x86.ActiveCfg = Debug|Win32
		{5ADD0BCD-DEAE-4F98-90DB-2C46AF1C6822}.Debug|x86.Build.0 = Debug|Win32
		{5ADD0BCD-DEAE-4F98-90DB-2C46AF1C6822}.Release ASAN|x64.ActiveCfg = Release ASAN|x64
		{5ADD0BCD-DEAE-4F98-90DB-2C46AF1C6822}.Release ASAN|x64.Build.0 = Release ASAN|x64
		{5ADD0BCD-DEAE-4F98-90DB-2C46AF1C6822}.Release ASAN|x86.ActiveCfg = Release ASAN|Win32
		{5ADD0BCD-DEAE-4F98-90DB-2C46AF1C6822}.Release ASAN|x86.Build.0 = Release ASAN|Win32
		{5ADD0BCD-DEAE-4F98-90DB-2C46AF1C6822}.Release|x64.ActiveCfg = Release|x64
		{5ADD0BCD-DEAE-4F98-90DB-2C46AF1C6822}.Release|x64.Build.0 = Release|x64
		{5ADD0BCD-DEAE-4F98-90DB-2C46AF1C6822}.Release|x86.ActiveCfg = Release|Win32
		{5ADD0BCD-DEAE-4F98-90DB-2C46AF1C6822}.Release|x86.Build.0 = Release|Win32
	EndGlobalSection
	GlobalSection(SolutionProperties) = preSolution
		HideSolutionNode = FALSE
	EndGlobalSection
	GlobalSection(ExtensibilityGlobals) = postSolution
		SolutionGuid = {9A03AEEB-7241-418E-8A68-186A350AC4C5}
	EndGlobalSection
EndGlobal
